
Microsoft Visual Studio Solution File, Format Version 12.00
# Visual Studio Version 17
VisualStudioVersion = 17.14.36401.2 d17.14
MinimumVisualStudioVersion = 10.0.40219.1
Project("{8BC9CEB8-8B4A-11D0-8D11-00A0C91BC942}") = "Library Management System", "Library Management System.vcxproj", "{F36862F9-7F69-4557-BC53-02BEA889D905}"
EndProject
Global
	GlobalSection(SolutionConfigurationPlatforms) = preSolution
		Debug|x64 = Debug|x64
		Debug|x86 = Debug|x86
		Release|x64 = Release|x64
		Release|x86 = Release|x86
	EndGlobalSection
	GlobalSection(ProjectConfigurationPlatforms) = postSolution
		{F36862F9-7F69-4557-BC53-02BEA889D905}.Debug|x64.ActiveCfg = Debug|x64
		{F36862F9-7F69-4557-BC53-02BEA889D905}.Debug|x64.Build.0 = Debug|x64
		{F36862F9-7F69-4557-BC53-02BEA889D905}.Debug|x86.ActiveCfg = Debug|Win32
		{F36862F9-7F69-4557-BC53-02BEA889D905}.Debug|x86.Build.0 = Debug|Win32
		{F36862F9-7F69-4557-BC53-02BEA889D905}.Release|x64.ActiveCfg = Release|x64
		{F36862F9-7F69-4557-BC53-02BEA889D905}.Release|x64.Build.0 = Release|x64
		{F36862F9-7F69-4557-BC53-02BEA889D905}.Release|x86.ActiveCfg = Release|Win32
		{F36862F9-7F69-4557-BC53-02BEA889D905}.Release|x86.Build.0 = Release|Win32
	EndGlobalSection
	GlobalSection(SolutionProperties) = preSolution
		HideSolutionNode = FALSE
	EndGlobalSection
	GlobalSection(ExtensibilityGlobals) = postSolution
		SolutionGuid = {C160E9B7-7977-426F-8A30-966C3958E150}
	EndGlobalSection
EndGlobal
